
Microsoft Visual Studio Solution File, Format Version 12.00
# Visual Studio 15
VisualStudioVersion = 15.0.27703.2018
MinimumVisualStudioVersion = 10.0.40219.1
Project("{FAE04EC0-301F-11D3-BF4B-00C04F79EFBC}") = "RelayBoard", "RelayBoard\RelayBoard.csproj", "{7C09AAE7-16A2-4193-8263-E2ED41690B2F}"
EndProject
Project("{2150E333-8FDC-42A3-9474-1A3956D46DE8}") = "Tests", "Tests", "{1F7781CD-1B67-46EA-9B8A-4CAB1A953060}"
EndProject
Project("{FAE04EC0-301F-11D3-BF4B-00C04F79EFBC}") = "RelayBoard.Net.Tests", "Tests\RelayBoard.Tests\RelayBoard.Net.Tests.csproj", "{D4C2FFF1-57E6-47E7-BA49-2AC46B2B1EC3}"
EndProject
Project("{FAE04EC0-301F-11D3-BF4B-00C04F79EFBC}") = "RelayBoard.Core.Tests", "Tests\RelayBoard.Tests\RelayBoard.Core.Tests.csproj", "{89A23D72-EE71-44E0-A29E-AC56E33ADB5C}"
EndProject
Global
	GlobalSection(SolutionConfigurationPlatforms) = preSolution
		Debug|Any CPU = Debug|Any CPU
		Release|Any CPU = Release|Any CPU
	EndGlobalSection
	GlobalSection(ProjectConfigurationPlatforms) = postSolution
		{7C09AAE7-16A2-4193-8263-E2ED41690B2F}.Debug|Any CPU.ActiveCfg = Debug|Any CPU
		{7C09AAE7-16A2-4193-8263-E2ED41690B2F}.Debug|Any CPU.Build.0 = Debug|Any CPU
		{7C09AAE7-16A2-4193-8263-E2ED41690B2F}.Release|Any CPU.ActiveCfg = Release|Any CPU
		{7C09AAE7-16A2-4193-8263-E2ED41690B2F}.Release|Any CPU.Build.0 = Release|Any CPU
		{D4C2FFF1-57E6-47E7-BA49-2AC46B2B1EC3}.Debug|Any CPU.ActiveCfg = Debug|Any CPU
		{D4C2FFF1-57E6-47E7-BA49-2AC46B2B1EC3}.Debug|Any CPU.Build.0 = Debug|Any CPU
		{D4C2FFF1-57E6-47E7-BA49-2AC46B2B1EC3}.Release|Any CPU.ActiveCfg = Release|Any CPU
		{D4C2FFF1-57E6-47E7-BA49-2AC46B2B1EC3}.Release|Any CPU.Build.0 = Release|Any CPU
		{89A23D72-EE71-44E0-A29E-AC56E33ADB5C}.Debug|Any CPU.ActiveCfg = Debug|Any CPU
		{89A23D72-EE71-44E0-A29E-AC56E33ADB5C}.Debug|Any CPU.Build.0 = Debug|Any CPU
		{89A23D72-EE71-44E0-A29E-AC56E33ADB5C}.Release|Any CPU.ActiveCfg = Release|Any CPU
		{89A23D72-EE71-44E0-A29E-AC56E33ADB5C}.Release|Any CPU.Build.0 = Release|Any CPU
	EndGlobalSection
	GlobalSection(SolutionProperties) = preSolution
		HideSolutionNode = FALSE
	EndGlobalSection
	GlobalSection(NestedProjects) = preSolution
		{D4C2FFF1-57E6-47E7-BA49-2AC46B2B1EC3} = {1F7781CD-1B67-46EA-9B8A-4CAB1A953060}
		{89A23D72-EE71-44E0-A29E-AC56E33ADB5C} = {1F7781CD-1B67-46EA-9B8A-4CAB1A953060}
	EndGlobalSection
	GlobalSection(ExtensibilityGlobals) = postSolution
		SolutionGuid = {AAE2FB30-381A-4505-B4C3-DC3682F7F3BB}
	EndGlobalSection
EndGlobal
